Microsoft Visual Studio Solution File, Format Version 12.00
# Visual Studio Version 17
VisualStudioVersion = 17.5.2.0
MinimumVisualStudioVersion = 10.0.40219.1
Project("{FAE04EC0-301F-11D3-BF4B-00C04F79EFBC}") = "VisitantesCheckIn", "VisitantesCheckIn.csproj", "{181722EC-ACB5-642C-E7F1-C69A2F6F3FE4}"
EndProject
Global
	GlobalSection(SolutionConfigurationPlatforms) = preSolution
		Debug|Any CPU = Debug|Any CPU
		Release|Any CPU = Release|Any CPU
	EndGlobalSection
	GlobalSection(ProjectConfigurationPlatforms) = postSolution
		{181722EC-ACB5-642C-E7F1-C69A2F6F3FE4}.Debug|Any CPU.ActiveCfg = Debug|Any CPU
		{181722EC-ACB5-642C-E7F1-C69A2F6F3FE4}.Debug|Any CPU.Build.0 = Debug|Any CPU
		{181722EC-ACB5-642C-E7F1-C69A2F6F3FE4}.Release|Any CPU.ActiveCfg = Release|Any CPU
		{181722EC-ACB5-642C-E7F1-C69A2F6F3FE4}.Release|Any CPU.Build.0 = Release|Any CPU
	EndGlobalSection
	GlobalSection(SolutionProperties) = preSolution
		HideSolutionNode = FALSE
	EndGlobalSection
	GlobalSection(ExtensibilityGlobals) = postSolution
		SolutionGuid = {B4133797-E445-46D1-90C6-4CFE641E432C}
	EndGlobalSection
EndGlobal
